
Microsoft Visual Studio Solution File, Format Version 12.00
# Visual Studio Version 16
VisualStudioVersion = 16.0.29403.142
MinimumVisualStudioVersion = 10.0.40219.1
Project("{FAE04EC0-301F-11D3-BF4B-00C04F79EFBC}") = "Lock", "Lock.csproj", "{042B59D2-C056-493A-A23D-69405A653EA3}"
EndProject
Global
	GlobalSection(SolutionConfigurationPlatforms) = preSolution
		Debug|Any CPU = Debug|Any CPU
		Release|Any CPU = Release|Any CPU
	EndGlobalSection
	GlobalSection(ProjectConfigurationPlatforms) = postSolution
		{042B59D2-C056-493A-A23D-69405A653EA3}.Debug|Any CPU.ActiveCfg = Debug|Any CPU
		{042B59D2-C056-493A-A23D-69405A653EA3}.Debug|Any CPU.Build.0 = Debug|Any CPU
		{042B59D2-C056-493A-A23D-69405A653EA3}.Release|Any CPU.ActiveCfg = Release|Any CPU
		{042B59D2-C056-493A-A23D-69405A653EA3}.Release|Any CPU.Build.0 = Release|Any CPU
	EndGlobalSection
	GlobalSection(SolutionProperties) = preSolution
		HideSolutionNode = FALSE
	EndGlobalSection
	GlobalSection(ExtensibilityGlobals) = postSolution
		SolutionGuid = {4BB2AC60-8479-4D72-B0CD-199E25AEA97C}
	EndGlobalSection
EndGlobal
